// !$*UTF8*$!
{
	archiveVersion = 1;
	classes = {
	};
	objectVersion = 46;
	objects = {

/* Begin PBXBuildFile section */
		ACB183261A9DD43100038B87 /* AppDelegate.m in Sources */ = {isa = PBXBuildFile; fileRef = ACB183251A9DD43100038B87 /* AppDelegate.m */; };
		ACB1832E1A9DD43100038B87 /* Images.xcassets in Resources */ = {isa = PBXBuildFile; fileRef = ACB1832D1A9DD43100038B87 /* Images.xcassets */; };
		ACB183311A9DD43100038B87 /* LaunchScreen.xib in Resources */ = {isa = PBXBuildFile; fileRef = ACB1832F1A9DD43100038B87 /* LaunchScreen.xib */; };
		ACB1833D1A9DD43100038B87 /* AbctractFactoryTests.m in Sources */ = {isa = PBXBuildFile; fileRef = ACB1833C1A9DD43100038B87 /* AbctractFactoryTests.m */; };
		ACB1834E1A9DDB6100038B87 /* ABFMain.storyboard in Resources */ = {isa = PBXBuildFile; fileRef = ACB183491A9DDB6100038B87 /* ABFMain.storyboard */; };
		ACB1834F1A9DDB6100038B87 /* ABFMainScreenViewController.m in Sources */ = {isa = PBXBuildFile; fileRef = ACB1834D1A9DDB6100038B87 /* ABFMainScreenViewController.m */; };
		ACB183521A9DDCA800038B87 /* ABFMainStoryboard.m in Sources */ = {isa = PBXBuildFile; fileRef = ACB183511A9DDCA800038B87 /* ABFMainStoryboard.m */; };
		ACB1835A1A9DDF5D00038B87 /* Info.plist in Resources */ = {isa = PBXBuildFile; fileRef = ACB183581A9DDF5D00038B87 /* Info.plist */; };
		ACB1835B1A9DDF5D00038B87 /* main.m in Sources */ = {isa = PBXBuildFile; fileRef = ACB183591A9DDF5D00038B87 /* main.m */; };
		ACB183611A9DF5F200038B87 /* ABFLabyrinthView.xib in Resources */ = {isa = PBXBuildFile; fileRef = ACB183601A9DF5F200038B87 /* ABFLabyrinthView.xib */; };
		ACB183641A9DFBCD00038B87 /* ABFLabyrinthView.m in Sources */ = {isa = PBXBuildFile; fileRef = ACB183631A9DFBCD00038B87 /* ABFLabyrinthView.m */; };
		ACB183671A9E04AD00038B87 /* ABFLabyrinth.m in Sources */ = {isa = PBXBuildFile; fileRef = ACB183661A9E04AD00038B87 /* ABFLabyrinth.m */; };
		ACB1836C1A9E171400038B87 /* ABFWall.m in Sources */ = {isa = PBXBuildFile; fileRef = ACB1836B1A9E171300038B87 /* ABFWall.m */; };
		ACB1836F1A9E1AE300038B87 /* ABFWallFactory.m in Sources */ = {isa = PBXBuildFile; fileRef = ACB1836E1A9E1AE300038B87 /* ABFWallFactory.m */; };
		ACB183761A9E1CE000038B87 /* ABFSoundWall.m in Sources */ = {isa = PBXBuildFile; fileRef = ACB183751A9E1CE000038B87 /* ABFSoundWall.m */; };
		ACB183791A9E1CF000038B87 /* ABFColorWall.m in Sources */ = {isa = PBXBuildFile; fileRef = ACB183781A9E1CF000038B87 /* ABFColorWall.m */; };
		ACB1837D1A9E24FD00038B87 /* ABFSoundWallFactory.m in Sources */ = {isa = PBXBuildFile; fileRef = ACB1837C1A9E24FD00038B87 /* ABFSoundWallFactory.m */; };
		ACB183801A9E250D00038B87 /* ABFColorWallFactory.m in Sources */ = {isa = PBXBuildFile; fileRef = ACB1837F1A9E250D00038B87 /* ABFColorWallFactory.m */; };
/* End PBXBuildFile section */

/* Begin PBXContainerItemProxy section */
		ACB183371A9DD43100038B87 /* PBXContainerItemProxy */ = {
			isa = PBXContainerItemProxy;
			containerPortal = ACB183151A9DD43100038B87 /* Project object */;
			proxyType = 1;
			remoteGlobalIDString = ACB1831C1A9DD43100038B87;
			remoteInfo = AbctractFactory;
		};
/* End PBXContainerItemProxy section */

/* Begin PBXFileReference section */
		ACB1831D1A9DD43100038B87 /* AbctractFactory.app */ = {isa = PBXFileReference; explicitFileType = wrapper.application; includeInIndex = 0; path = AbctractFactory.app; sourceTree = BUILT_PRODUCTS_DIR; };
		ACB183241A9DD43100038B87 /* AppDelegate.h */ = {isa = PBXFileReference; lastKnownFileType = sourcecode.c.h; path = AppDelegate.h; sourceTree = "<group>"; };
		ACB183251A9DD43100038B87 /* AppDelegate.m */ = {isa = PBXFileReference; lastKnownFileType = sourcecode.c.objc; path = AppDelegate.m; sourceTree = "<group>"; };
		ACB1832D1A9DD43100038B87 /* Images.xcassets */ = {isa = PBXFileReference; lastKnownFileType = folder.assetcatalog; path = Images.xcassets; sourceTree = "<group>"; };
		ACB183301A9DD43100038B87 /* Base */ = {isa = PBXFileReference; lastKnownFileType = file.xib; name = Base; path = Base.lproj/LaunchScreen.xib; sourceTree = "<group>"; };
		ACB183361A9DD43100038B87 /* AbctractFactoryTests.xctest */ = {isa = PBXFileReference; explicitFileType = wrapper.cfbundle; includeInIndex = 0; path = AbctractFactoryTests.xctest; sourceTree = BUILT_PRODUCTS_DIR; };
		ACB1833B1A9DD43100038B87 /* Info.plist */ = {isa = PBXFileReference; lastKnownFileType = text.plist.xml; path = Info.plist; sourceTree = "<group>"; };
		ACB1833C1A9DD43100038B87 /* AbctractFactoryTests.m */ = {isa = PBXFileReference; lastKnownFileType = sourcecode.c.objc; path = AbctractFactoryTests.m; sourceTree = "<group>"; };
		ACB183491A9DDB6100038B87 /* ABFMain.storyboard */ = {isa = PBXFileReference; fileEncoding = 4; lastKnownFileType = file.storyboard; path = ABFMain.storyboard; sourceTree = "<group>"; };
		ACB1834C1A9DDB6100038B87 /* ABFMainScreenViewController.h */ = {isa = PBXFileReference; fileEncoding = 4; lastKnownFileType = sourcecode.c.h; path = ABFMainScreenViewController.h; sourceTree = "<group>"; };
		ACB1834D1A9DDB6100038B87 /* ABFMainScreenViewController.m */ = {isa = PBXFileReference; fileEncoding = 4; lastKnownFileType = sourcecode.c.objc; path = ABFMainScreenViewController.m; sourceTree = "<group>"; };
		ACB183501A9DDCA800038B87 /* ABFMainStoryboard.h */ = {isa = PBXFileReference; fileEncoding = 4; lastKnownFileType = sourcecode.c.h; path = ABFMainStoryboard.h; sourceTree = "<group>"; };
		ACB183511A9DDCA800038B87 /* ABFMainStoryboard.m */ = {isa = PBXFileReference; fileEncoding = 4; lastKnownFileType = sourcecode.c.objc; path = ABFMainStoryboard.m; sourceTree = "<group>"; };
		ACB183571A9DDF5D00038B87 /* AbstractFactory-Prefix.pch */ = {isa = PBXFileReference; fileEncoding = 4; lastKnownFileType = sourcecode.c.h; path = "AbstractFactory-Prefix.pch"; sourceTree = "<group>"; };
		ACB183581A9DDF5D00038B87 /* Info.plist */ = {isa = PBXFileReference; fileEncoding = 4; lastKnownFileType = text.plist.xml; path = Info.plist; sourceTree = "<group>"; };
		ACB183591A9DDF5D00038B87 /* main.m */ = {isa = PBXFileReference; fileEncoding = 4; lastKnownFileType = sourcecode.c.objc; path = main.m; sourceTree = "<group>"; };
		ACB183601A9DF5F200038B87 /* ABFLabyrinthView.xib */ = {isa = PBXFileReference; fileEncoding = 4; lastKnownFileType = file.xib; path = ABFLabyrinthView.xib; sourceTree = "<group>"; };
		ACB183621A9DFBCD00038B87 /* ABFLabyrinthView.h */ = {isa = PBXFileReference; fileEncoding = 4; lastKnownFileType = sourcecode.c.h; path = ABFLabyrinthView.h; sourceTree = "<group>"; };
		ACB183631A9DFBCD00038B87 /* ABFLabyrinthView.m */ = {isa = PBXFileReference; fileEncoding = 4; lastKnownFileType = sourcecode.c.objc; path = ABFLabyrinthView.m; sourceTree = "<group>"; };
		ACB183651A9E04AD00038B87 /* ABFLabyrinth.h */ = {isa = PBXFileReference; fileEncoding = 4; lastKnownFileType = sourcecode.c.h; path = ABFLabyrinth.h; sourceTree = "<group>"; };
		ACB183661A9E04AD00038B87 /* ABFLabyrinth.m */ = {isa = PBXFileReference; fileEncoding = 4; lastKnownFileType = sourcecode.c.objc; path = ABFLabyrinth.m; sourceTree = "<group>"; };
		ACB1836A1A9E171300038B87 /* ABFWall.h */ = {isa = PBXFileReference; fileEncoding = 4; lastKnownFileType = sourcecode.c.h; name = ABFWall.h; path = ../ABFWall.h; sourceTree = "<group>"; };
		ACB1836B1A9E171300038B87 /* ABFWall.m */ = {isa = PBXFileReference; fileEncoding = 4; lastKnownFileType = sourcecode.c.objc; name = ABFWall.m; path = ../ABFWall.m; sourceTree = "<group>"; };
		ACB1836D1A9E1AE300038B87 /* ABFWallFactory.h */ = {isa = PBXFileReference; fileEncoding = 4; lastKnownFileType = sourcecode.c.h; path = ABFWallFactory.h; sourceTree = "<group>"; };
		ACB1836E1A9E1AE300038B87 /* ABFWallFactory.m */ = {isa = PBXFileReference; fileEncoding = 4; lastKnownFileType = sourcecode.c.objc; path = ABFWallFactory.m; sourceTree = "<group>"; };
		ACB183731A9E1BDC00038B87 /* ABFWallTypeEnum.h */ = {isa = PBXFileReference; lastKnownFileType = sourcecode.c.h; path = ABFWallTypeEnum.h; sourceTree = "<group>"; };
		ACB183741A9E1CE000038B87 /* ABFSoundWall.h */ = {isa = PBXFileReference; fileEncoding = 4; lastKnownFileType = sourcecode.c.h; path = ABFSoundWall.h; sourceTree = "<group>"; };
		ACB183751A9E1CE000038B87 /* ABFSoundWall.m */ = {isa = PBXFileReference; fileEncoding = 4; lastKnownFileType = sourcecode.c.objc; path = ABFSoundWall.m; sourceTree = "<group>"; };
		ACB183771A9E1CF000038B87 /* ABFColorWall.h */ = {isa = PBXFileReference; fileEncoding = 4; lastKnownFileType = sourcecode.c.h; path = ABFColorWall.h; sourceTree = "<group>"; };
		ACB183781A9E1CF000038B87 /* ABFColorWall.m */ = {isa = PBXFileReference; fileEncoding = 4; lastKnownFileType = sourcecode.c.objc; path = ABFColorWall.m; sourceTree = "<group>"; };
		ACB1837B1A9E24FD00038B87 /* ABFSoundWallFactory.h */ = {isa = PBXFileReference; fileEncoding = 4; lastKnownFileType = sourcecode.c.h; path = ABFSoundWallFactory.h; sourceTree = "<group>"; };
		ACB1837C1A9E24FD00038B87 /* ABFSoundWallFactory.m */ = {isa = PBXFileReference; fileEncoding = 4; lastKnownFileType = sourcecode.c.objc; path = ABFSoundWallFactory.m; sourceTree = "<group>"; };
		ACB1837E1A9E250D00038B87 /* ABFColorWallFactory.h */ = {isa = PBXFileReference; fileEncoding = 4; lastKnownFileType = sourcecode.c.h; path = ABFColorWallFactory.h; sourceTree = "<group>"; };
		ACB1837F1A9E250D00038B87 /* ABFColorWallFactory.m */ = {isa = PBXFileReference; fileEncoding = 4; lastKnownFileType = sourcecode.c.objc; path = ABFColorWallFactory.m; sourceTree = "<group>"; };
/* End PBXFileReference section */

/* Begin PBXFrameworksBuildPhase section */
		ACB1831A1A9DD43100038B87 /* Frameworks */ = {
			isa = PBXFrameworksBuildPhase;
			buildActionMask = 2147483647;
			files = (
			);
			runOnlyForDeploymentPostprocessing = 0;
		};
		ACB183331A9DD43100038B87 /* Frameworks */ = {
			isa = PBXFrameworksBuildPhase;
			buildActionMask = 2147483647;
			files = (
			);
			runOnlyForDeploymentPostprocessing = 0;
		};
/* End PBXFrameworksBuildPhase section */

/* Begin PBXGroup section */
		ACB183141A9DD43100038B87 = {
			isa = PBXGroup;
			children = (
				ACB1831F1A9DD43100038B87 /* AbctractFactory */,
				ACB183391A9DD43100038B87 /* AbctractFactoryTests */,
				ACB1831E1A9DD43100038B87 /* Products */,
			);
			sourceTree = "<group>";
		};
		ACB1831E1A9DD43100038B87 /* Products */ = {
			isa = PBXGroup;
			children = (
				ACB1831D1A9DD43100038B87 /* AbctractFactory.app */,
				ACB183361A9DD43100038B87 /* AbctractFactoryTests.xctest */,
			);
			name = Products;
			sourceTree = "<group>";
		};
		ACB1831F1A9DD43100038B87 /* AbctractFactory */ = {
			isa = PBXGroup;
			children = (
				ACB183241A9DD43100038B87 /* AppDelegate.h */,
				ACB183251A9DD43100038B87 /* AppDelegate.m */,
				ACB183461A9DDB6100038B87 /* Logic */,
				ACB183471A9DDB6100038B87 /* View */,
				ACB1834B1A9DDB6100038B87 /* ViewController */,
				ACB1832D1A9DD43100038B87 /* Images.xcassets */,
				ACB1832F1A9DD43100038B87 /* LaunchScreen.xib */,
				ACB183561A9DDF5D00038B87 /* Supporting Files */,
			);
			path = AbctractFactory;
			sourceTree = "<group>";
		};
		ACB183391A9DD43100038B87 /* AbctractFactoryTests */ = {
			isa = PBXGroup;
			children = (
				ACB1833C1A9DD43100038B87 /* AbctractFactoryTests.m */,
				ACB1833A1A9DD43100038B87 /* Supporting Files */,
			);
			path = AbctractFactoryTests;
			sourceTree = "<group>";
		};
		ACB1833A1A9DD43100038B87 /* Supporting Files */ = {
			isa = PBXGroup;
			children = (
				ACB1833B1A9DD43100038B87 /* Info.plist */,
			);
			name = "Supporting Files";
			sourceTree = "<group>";
		};
		ACB183461A9DDB6100038B87 /* Logic */ = {
			isa = PBXGroup;
			children = (
				ACB183731A9E1BDC00038B87 /* ABFWallTypeEnum.h */,
				ACB183651A9E04AD00038B87 /* ABFLabyrinth.h */,
				ACB183661A9E04AD00038B87 /* ABFLabyrinth.m */,
				ACB183681A9E14FD00038B87 /* WallFactory */,
			);
			path = Logic;
			sourceTree = "<group>";
		};
		ACB183471A9DDB6100038B87 /* View */ = {
			isa = PBXGroup;
			children = (
				ACB183481A9DDB6100038B87 /* StoryBoards */,
				ACB1834A1A9DDB6100038B87 /* Views */,
			);
			path = View;
			sourceTree = "<group>";
		};
		ACB183481A9DDB6100038B87 /* StoryBoards */ = {
			isa = PBXGroup;
			children = (
				ACB183491A9DDB6100038B87 /* ABFMain.storyboard */,
				ACB183501A9DDCA800038B87 /* ABFMainStoryboard.h */,
				ACB183511A9DDCA800038B87 /* ABFMainStoryboard.m */,
			);
			path = StoryBoards;
			sourceTree = "<group>";
		};
		ACB1834A1A9DDB6100038B87 /* Views */ = {
			isa = PBXGroup;
			children = (
				ACB1835F1A9DF5F200038B87 /* LabirinthView */,
			);
			path = Views;
			sourceTree = "<group>";
		};
		ACB1834B1A9DDB6100038B87 /* ViewController */ = {
			isa = PBXGroup;
			children = (
				ACB1834C1A9DDB6100038B87 /* ABFMainScreenViewController.h */,
				ACB1834D1A9DDB6100038B87 /* ABFMainScreenViewController.m */,
			);
			path = ViewController;
			sourceTree = "<group>";
		};
		ACB183561A9DDF5D00038B87 /* Supporting Files */ = {
			isa = PBXGroup;
			children = (
				ACB183571A9DDF5D00038B87 /* AbstractFactory-Prefix.pch */,
				ACB183581A9DDF5D00038B87 /* Info.plist */,
				ACB183591A9DDF5D00038B87 /* main.m */,
			);
			path = "Supporting Files";
			sourceTree = "<group>";
		};
		ACB1835F1A9DF5F200038B87 /* LabirinthView */ = {
			isa = PBXGroup;
			children = (
				ACB183601A9DF5F200038B87 /* ABFLabyrinthView.xib */,
				ACB183621A9DFBCD00038B87 /* ABFLabyrinthView.h */,
				ACB183631A9DFBCD00038B87 /* ABFLabyrinthView.m */,
			);
			path = LabirinthView;
			sourceTree = "<group>";
		};
		ACB183681A9E14FD00038B87 /* WallFactory */ = {
			isa = PBXGroup;
			children = (
				ACB1836D1A9E1AE300038B87 /* ABFWallFactory.h */,
				ACB1836E1A9E1AE300038B87 /* ABFWallFactory.m */,
				ACB1837A1A9E243800038B87 /* Factories */,
				ACB183691A9E151F00038B87 /* Walls */,
			);
			path = WallFactory;
			sourceTree = "<group>";
		};
		ACB183691A9E151F00038B87 /* Walls */ = {
			isa = PBXGroup;
			children = (
				ACB1836A1A9E171300038B87 /* ABFWall.h */,
				ACB1836B1A9E171300038B87 /* ABFWall.m */,
				ACB183741A9E1CE000038B87 /* ABFSoundWall.h */,
				ACB183751A9E1CE000038B87 /* ABFSoundWall.m */,
				ACB183771A9E1CF000038B87 /* ABFColorWall.h */,
				ACB183781A9E1CF000038B87 /* ABFColorWall.m */,
			);
			path = Walls;
			sourceTree = "<group>";
		};
		ACB1837A1A9E243800038B87 /* Factories */ = {
			isa = PBXGroup;
			children = (
				ACB1837B1A9E24FD00038B87 /* ABFSoundWallFactory.h */,
				ACB1837C1A9E24FD00038B87 /* ABFSoundWallFactory.m */,
				ACB1837E1A9E250D00038B87 /* ABFColorWallFactory.h */,
				ACB1837F1A9E250D00038B87 /* ABFColorWallFactory.m */,
			);
			path = Factories;
			sourceTree = "<group>";
		};
/* End PBXGroup section */

/* Begin PBXNativeTarget section */
		ACB1831C1A9DD43100038B87 /* AbctractFactory */ = {
			isa = PBXNativeTarget;
			buildConfigurationList = ACB183401A9DD43100038B87 /* Build configuration list for PBXNativeTarget "AbctractFactory" */;
			buildPhases = (
				ACB183191A9DD43100038B87 /* Sources */,
				ACB1831A1A9DD43100038B87 /* Frameworks */,
				ACB1831B1A9DD43100038B87 /* Resources */,
			);
			buildRules = (
			);
			dependencies = (
			);
			name = AbctractFactory;
			productName = AbctractFactory;
			productReference = ACB1831D1A9DD43100038B87 /* AbctractFactory.app */;
			productType = "com.apple.product-type.application";
		};
		ACB183351A9DD43100038B87 /* AbctractFactoryTests */ = {
			isa = PBXNativeTarget;
			buildConfigurationList = ACB183431A9DD43100038B87 /* Build configuration list for PBXNativeTarget "AbctractFactoryTests" */;
			buildPhases = (
				ACB183321A9DD43100038B87 /* Sources */,
				ACB183331A9DD43100038B87 /* Frameworks */,
				ACB183341A9DD43100038B87 /* Resources */,
			);
			buildRules = (
			);
			dependencies = (
				ACB183381A9DD43100038B87 /* PBXTargetDependency */,
			);
			name = AbctractFactoryTests;
			productName = AbctractFactoryTests;
			productReference = ACB183361A9DD43100038B87 /* AbctractFactoryTests.xctest */;
			productType = "com.apple.product-type.bundle.unit-test";
		};
/* End PBXNativeTarget section */

/* Begin PBXProject section */
		ACB183151A9DD43100038B87 /* Project object */ = {
			isa = PBXProject;
			attributes = {
				CLASSPREFIX = ABF;
				LastUpgradeCheck = 0610;
				ORGANIZATIONNAME = "Artem ";
				TargetAttributes = {
					ACB1831C1A9DD43100038B87 = {
						CreatedOnToolsVersion = 6.1;
					};
					ACB183351A9DD43100038B87 = {
						CreatedOnToolsVersion = 6.1;
						TestTargetID = ACB1831C1A9DD43100038B87;
					};
				};
			};
			buildConfigurationList = ACB183181A9DD43100038B87 /* Build configuration list for PBXProject "AbctractFactory" */;
			compatibilityVersion = "Xcode 3.2";
			developmentRegion = English;
			hasScannedForEncodings = 0;
			knownRegions = (
				en,
				Base,
			);
			mainGroup = ACB183141A9DD43100038B87;
			productRefGroup = ACB1831E1A9DD43100038B87 /* Products */;
			projectDirPath = "";
			projectRoot = "";
			targets = (
				ACB1831C1A9DD43100038B87 /* AbctractFactory */,
				ACB183351A9DD43100038B87 /* AbctractFactoryTests */,
			);
		};
/* End PBXProject section */

/* Begin PBXResourcesBuildPhase section */
		ACB1831B1A9DD43100038B87 /* Resources */ = {
			isa = PBXResourcesBuildPhase;
			buildActionMask = 2147483647;
			files = (
				ACB183611A9DF5F200038B87 /* ABFLabyrinthView.xib in Resources */,
				ACB1835A1A9DDF5D00038B87 /* Info.plist in Resources */,
				ACB183311A9DD43100038B87 /* LaunchScreen.xib in Resources */,
				ACB1832E1A9DD43100038B87 /* Images.xcassets in Resources */,
				ACB1834E1A9DDB6100038B87 /* ABFMain.storyboard in Resources */,
			);
			runOnlyForDeploymentPostprocessing = 0;
		};
		ACB183341A9DD43100038B87 /* Resources */ = {
			isa = PBXResourcesBuildPhase;
			buildActionMask = 2147483647;
			files = (
			);
			runOnlyForDeploymentPostprocessing = 0;
		};
/* End PBXResourcesBuildPhase section */

/* Begin PBXSourcesBuildPhase section */
		ACB183191A9DD43100038B87 /* Sources */ = {
			isa = PBXSourcesBuildPhase;
			buildActionMask = 2147483647;
			files = (
				ACB183641A9DFBCD00038B87 /* ABFLabyrinthView.m in Sources */,
				ACB1834F1A9DDB6100038B87 /* ABFMainScreenViewController.m in Sources */,
				ACB183521A9DDCA800038B87 /* ABFMainStoryboard.m in Sources */,
				ACB1837D1A9E24FD00038B87 /* ABFSoundWallFactory.m in Sources */,
				ACB1835B1A9DDF5D00038B87 /* main.m in Sources */,
				ACB183761A9E1CE000038B87 /* ABFSoundWall.m in Sources */,
				ACB1836F1A9E1AE300038B87 /* ABFWallFactory.m in Sources */,
				ACB183261A9DD43100038B87 /* AppDelegate.m in Sources */,
				ACB183801A9E250D00038B87 /* ABFColorWallFactory.m in Sources */,
				ACB183791A9E1CF000038B87 /* ABFColorWall.m in Sources */,
				ACB183671A9E04AD00038B87 /* ABFLabyrinth.m in Sources */,
				ACB1836C1A9E171400038B87 /* ABFWall.m in Sources */,
			);
			runOnlyForDeploymentPostprocessing = 0;
		};
		ACB183321A9DD43100038B87 /* Sources */ = {
			isa = PBXSourcesBuildPhase;
			buildActionMask = 2147483647;
			files = (
				ACB1833D1A9DD43100038B87 /* AbctractFactoryTests.m in Sources */,
			);
			runOnlyForDeploymentPostprocessing = 0;
		};
/* End PBXSourcesBuildPhase section */

/* Begin PBXTargetDependency section */
		ACB183381A9DD43100038B87 /* PBXTargetDependency */ = {
			isa = PBXTargetDependency;
			target = ACB1831C1A9DD43100038B87 /* AbctractFactory */;
			targetProxy = ACB183371A9DD43100038B87 /* PBXContainerItemProxy */;
		};
/* End PBXTargetDependency section */

/* Begin PBXVariantGroup section */
		ACB1832F1A9DD43100038B87 /* LaunchScreen.xib */ = {
			isa = PBXVariantGroup;
			children = (
				ACB183301A9DD43100038B87 /* Base */,
			);
			name = LaunchScreen.xib;
			sourceTree = "<group>";
		};
/* End PBXVariantGroup section */

/* Begin XCBuildConfiguration section */
		ACB1833E1A9DD43100038B87 /* Debug */ = {
			isa = XCBuildConfiguration;
			buildSettings = {
				ALWAYS_SEARCH_USER_PATHS = NO;
				CLANG_CXX_LANGUAGE_STANDARD = "gnu++0x";
				CLANG_CXX_LIBRARY = "libc++";
				CLANG_ENABLE_MODULES = YES;
				CLANG_ENABLE_OBJC_ARC = YES;
				CLANG_WARN_BOOL_CONVERSION = YES;
				CLANG_WARN_CONSTANT_CONVERSION = YES;
				CLANG_WARN_DIRECT_OBJC_ISA_USAGE = YES_ERROR;
				CLANG_WARN_EMPTY_BODY = YES;
				CLANG_WARN_ENUM_CONVERSION = YES;
				CLANG_WARN_INT_CONVERSION = YES;
				CLANG_WARN_OBJC_ROOT_CLASS = YES_ERROR;
				CLANG_WARN_UNREACHABLE_CODE = YES;
				CLANG_WARN__DUPLICATE_METHOD_MATCH = YES;
				"CODE_SIGN_IDENTITY[sdk=iphoneos*]" = "iPhone Developer";
				COPY_PHASE_STRIP = NO;
				ENABLE_STRICT_OBJC_MSGSEND = YES;
				GCC_C_LANGUAGE_STANDARD = gnu99;
				GCC_DYNAMIC_NO_PIC = NO;
				GCC_OPTIMIZATION_LEVEL = 0;
				GCC_PREPROCESSOR_DEFINITIONS = (
					"DEBUG=1",
					"$(inherited)",
				);
				GCC_SYMBOLS_PRIVATE_EXTERN = NO;
				GCC_WARN_64_TO_32_BIT_CONVERSION = YES;
				GCC_WARN_ABOUT_RETURN_TYPE = YES_ERROR;
				GCC_WARN_UNDECLARED_SELECTOR = YES;
				GCC_WARN_UNINITIALIZED_AUTOS = YES_AGGRESSIVE;
				GCC_WARN_UNUSED_FUNCTION = YES;
				GCC_WARN_UNUSED_VARIABLE = YES;
				IPHONEOS_DEPLOYMENT_TARGET = 7.0;
				MTL_ENABLE_DEBUG_INFO = YES;
				ONLY_ACTIVE_ARCH = YES;
				SDKROOT = iphoneos;
			};
			name = Debug;
		};
		ACB1833F1A9DD43100038B87 /* Release */ = {
			isa = XCBuildConfiguration;
			buildSettings = {
				ALWAYS_SEARCH_USER_PATHS = NO;
				CLANG_CXX_LANGUAGE_STANDARD = "gnu++0x";
				CLANG_CXX_LIBRARY = "libc++";
				CLANG_ENABLE_MODULES = YES;
				CLANG_ENABLE_OBJC_ARC = YES;
				CLANG_WARN_BOOL_CONVERSION = YES;
				CLANG_WARN_CONSTANT_CONVERSION = YES;
				CLANG_WARN_DIRECT_OBJC_ISA_USAGE = YES_ERROR;
				CLANG_WARN_EMPTY_BODY = YES;
				CLANG_WARN_ENUM_CONVERSION = YES;
				CLANG_WARN_INT_CONVERSION = YES;
				CLANG_WARN_OBJC_ROOT_CLASS = YES_ERROR;
				CLANG_WARN_UNREACHABLE_CODE = YES;
				CLANG_WARN__DUPLICATE_METHOD_MATCH = YES;
				"CODE_SIGN_IDENTITY[sdk=iphoneos*]" = "iPhone Developer";
				COPY_PHASE_STRIP = YES;
				ENABLE_NS_ASSERTIONS = NO;
				ENABLE_STRICT_OBJC_MSGSEND = YES;
				GCC_C_LANGUAGE_STANDARD = gnu99;
				GCC_WARN_64_TO_32_BIT_CONVERSION = YES;
				GCC_WARN_ABOUT_RETURN_TYPE = YES_ERROR;
				GCC_WARN_UNDECLARED_SELECTOR = YES;
				GCC_WARN_UNINITIALIZED_AUTOS = YES_AGGRESSIVE;
				GCC_WARN_UNUSED_FUNCTION = YES;
				GCC_WARN_UNUSED_VARIABLE = YES;
				IPHONEOS_DEPLOYMENT_TARGET = 7.0;
				MTL_ENABLE_DEBUG_INFO = NO;
				SDKROOT = iphoneos;
				VALIDATE_PRODUCT = YES;
			};
			name = Release;
		};
		ACB183411A9DD43100038B87 /* Debug */ = {
			isa = XCBuildConfiguration;
			buildSettings = {
				ASSETCATALOG_COMPILER_APPICON_NAME = AppIcon;
				GCC_PRECOMPILE_PREFIX_HEADER = YES;
				GCC_PREFIX_HEADER = "AbctractFactory/Supporting Files/AbstractFactory-Prefix.pch";
				INFOPLIST_FILE = "$(SRCROOT)/AbctractFactory/Supporting Files/Info.plist";
				IPHONEOS_DEPLOYMENT_TARGET = 7.0;
				LD_RUNPATH_SEARCH_PATHS = "$(inherited) @executable_path/Frameworks";
				PRODUCT_NAME = "$(TARGET_NAME)";
			};
			name = Debug;
		};
		ACB183421A9DD43100038B87 /* Release */ = {
			isa = XCBuildConfiguration;
			buildSettings = {
				ASSETCATALOG_COMPILER_APPICON_NAME = AppIcon;
				GCC_PRECOMPILE_PREFIX_HEADER = YES;
				GCC_PREFIX_HEADER = "AbctractFactory/Supporting Files/AbstractFactory-Prefix.pch";
				INFOPLIST_FILE = "$(SRCROOT)/AbctractFactory/Supporting Files/Info.plist";
				IPHONEOS_DEPLOYMENT_TARGET = 7.0;
				LD_RUNPATH_SEARCH_PATHS = "$(inherited) @executable_path/Frameworks";
				PRODUCT_NAME = "$(TARGET_NAME)";
			};
			name = Release;
		};
		ACB183441A9DD43100038B87 /* Debug */ = {
			isa = XCBuildConfiguration;
			buildSettings = {
				BUNDLE_LOADER = "$(TEST_HOST)";
				FRAMEWORK_SEARCH_PATHS = (
					"$(SDKROOT)/Developer/Library/Frameworks",
					"$(inherited)",
				);
				GCC_PREPROCESSOR_DEFINITIONS = (
					"DEBUG=1",
					"$(inherited)",
				);
				INFOPLIST_FILE = AbctractFactoryTests/Info.plist;
				LD_RUNPATH_SEARCH_PATHS = "$(inherited) @executable_path/Frameworks @loader_path/Frameworks";
				PRODUCT_NAME = "$(TARGET_NAME)";
				TEST_HOST = "$(BUILT_PRODUCTS_DIR)/AbctractFactory.app/AbctractFactory";
			};
			name = Debug;
		};
		ACB183451A9DD43100038B87 /* Release */ = {
			isa = XCBuildConfiguration;
			buildSettings = {
				BUNDLE_LOADER = "$(TEST_HOST)";
				FRAMEWORK_SEARCH_PATHS = (
					"$(SDKROOT)/Developer/Library/Frameworks",
					"$(inherited)",
				);
				INFOPLIST_FILE = AbctractFactoryTests/Info.plist;
				LD_RUNPATH_SEARCH_PATHS = "$(inherited) @executable_path/Frameworks @loader_path/Frameworks";
				PRODUCT_NAME = "$(TARGET_NAME)";
				TEST_HOST = "$(BUILT_PRODUCTS_DIR)/AbctractFactory.app/AbctractFactory";
			};
			name = Release;
		};
/* End XCBuildConfiguration section */

/* Begin XCConfigurationList section */
		ACB183181A9DD43100038B87 /* Build configuration list for PBXProject "AbctractFactory" */ = {
			isa = XCConfigurationList;
			buildConfigurations = (
				ACB1833E1A9DD43100038B87 /* Debug */,
				ACB1833F1A9DD43100038B87 /* Release */,
			);
			defaultConfigurationIsVisible = 0;
			defaultConfigurationName = Release;
		};
		ACB183401A9DD43100038B87 /* Build configuration list for PBXNativeTarget "AbctractFactory" */ = {
			isa = XCConfigurationList;
			buildConfigurations = (
				ACB183411A9DD43100038B87 /* Debug */,
				ACB183421A9DD43100038B87 /* Release */,
			);
			defaultConfigurationIsVisible = 0;
			defaultConfigurationName = Release;
		};
		ACB183431A9DD43100038B87 /* Build configuration list for PBXNativeTarget "AbctractFactoryTests" */ = {
			isa = XCConfigurationList;
			buildConfigurations = (
				ACB183441A9DD43100038B87 /* Debug */,
				ACB183451A9DD43100038B87 /* Release */,
			);
			defaultConfigurationIsVisible = 0;
			defaultConfigurationName = Release;
		};
/* End XCConfigurationList section */
	};
	rootObject = ACB183151A9DD43100038B87 /* Project object */;
}
